
Microsoft Visual Studio Solution File, Format Version 12.00
# Visual Studio Version 17
VisualStudioVersion = 17.5.002.0
MinimumVisualStudioVersion = 10.0.40219.1
Project("{2150E333-8FDC-42A3-9474-1A3956D46DE8}") = "csharp-prep", "csharp-prep", "{A5DB5ED5-4948-47DE-B052-FA7A9F38822F}"
EndProject
Project("{9A19103F-16F7-4668-BE54-9A1E7A4F7556}") = "Prep1", "csharp-prep\Prep1\Prep1.csproj", "{98DFB7EB-EE5D-43B0-BBD1-8B49BAB3A60A}"
EndProject
Project("{9A19103F-16F7-4668-BE54-9A1E7A4F7556}") = "Prep2", "csharp-prep\Prep2\Prep2.csproj", "{FCF3332E-AB61-48EC-842A-53F7BDF67A15}"
EndProject
Project("{9A19103F-16F7-4668-BE54-9A1E7A4F7556}") = "Prep3", "csharp-prep\Prep3\Prep3.csproj", "{DE801BAC-BEA7-4A69-AF4A-46E12B681D4F}"
EndProject
Project("{9A19103F-16F7-4668-BE54-9A1E7A4F7556}") = "Prep4", "csharp-prep\Prep4\Prep4.csproj", "{854B4133-84D1-4C9A-8A37-238A12D637A8}"
EndProject
Project("{9A19103F-16F7-4668-BE54-9A1E7A4F7556}") = "Prep5", "csharp-prep\Prep5\Prep5.csproj", "{00CD6A96-C2AB-4A72-A46E-56AAC06BB90D}"
EndProject
Project("{2150E333-8FDC-42A3-9474-1A3956D46DE8}") = "final", "final", "{96806EC7-5190-464C-9CDC-9399CD02842A}"
EndProject
Project("{9A19103F-16F7-4668-BE54-9A1E7A4F7556}") = "FinalProject", "final\FinalProject\FinalProject.csproj", "{907F6D2D-A0E9-4688-A0B6-915633A0D98D}"
EndProject
Project("{9A19103F-16F7-4668-BE54-9A1E7A4F7556}") = "Foundation1", "final\Foundation1\Foundation1.csproj", "{9F317EB4-27F9-4FF0-93A9-FA7D611DE264}"
EndProject
Project("{9A19103F-16F7-4668-BE54-9A1E7A4F7556}") = "Foundation2", "final\Foundation2\Foundation2.csproj", "{D8072447-670E-484A-B3B5-CC2183E67315}"
EndProject
Project("{9A19103F-16F7-4668-BE54-9A1E7A4F7556}") = "Foundation3", "final\Foundation3\Foundation3.csproj", "{8D6C003E-6C2F-4998-A4AA-11F67223AC0B}"
EndProject
Project("{9A19103F-16F7-4668-BE54-9A1E7A4F7556}") = "Foundation4", "final\Foundation4\Foundation4.csproj", "{9945B538-BA21-42E6-90CE-F35FD8335E76}"
EndProject
Project("{2150E333-8FDC-42A3-9474-1A3956D46DE8}") = "prepare", "prepare", "{9C4624F7-2340-4227-89A3-EECA13211471}"
EndProject
Project("{9A19103F-16F7-4668-BE54-9A1E7A4F7556}") = "Learning02", "prepare\Learning02\Learning02.csproj", "{83A6F5EB-343D-4E3A-8D59-72BEF7074236}"
EndProject
Project("{9A19103F-16F7-4668-BE54-9A1E7A4F7556}") = "Learning03", "prepare\Learning03\Learning03.csproj", "{136D8458-61A0-4F00-8838-451E2AD81418}"
EndProject
Project("{9A19103F-16F7-4668-BE54-9A1E7A4F7556}") = "Learning04", "prepare\Learning04\Learning04.csproj", "{0E18F2A5-23DB-45B9-A216-536A7702E68C}"
EndProject
Project("{9A19103F-16F7-4668-BE54-9A1E7A4F7556}") = "Learning05", "prepare\Learning05\Learning05.csproj", "{D6857AB4-8CC4-41FF-9A1F-2D58DA683EE6}"
EndProject
Project("{2150E333-8FDC-42A3-9474-1A3956D46DE8}") = "prove", "prove", "{65A90F6F-E9C4-4EDB-9F7F-D82DFFA63776}"
EndProject
Project("{9A19103F-16F7-4668-BE54-9A1E7A4F7556}") = "Develop02", "prove\Develop02\Develop02.csproj", "{A14426E8-8A9A-40D7-B3AF-467E5ACC49EA}"
EndProject
Project("{9A19103F-16F7-4668-BE54-9A1E7A4F7556}") = "Develop03", "prove\Develop03\Develop03.csproj", "{BB1CC92C-E92A-498C-AB2B-0A131C6685EA}"
EndProject
Project("{9A19103F-16F7-4668-BE54-9A1E7A4F7556}") = "Develop04", "prove\Develop04\Develop04.csproj", "{225261D0-9BB0-4359-901E-CC80E07F842D}"
EndProject
Project("{9A19103F-16F7-4668-BE54-9A1E7A4F7556}") = "Develop05", "prove\Develop05\Develop05.csproj", "{60B1F5E9-96A6-4551-A6E2-62F36E956DDE}"
EndProject
Project("{2150E333-8FDC-42A3-9474-1A3956D46DE8}") = "sandbox", "sandbox", "{455EA3ED-AA3F-43FD-9AA4-156BE6873D4B}"
EndProject
Project("{9A19103F-16F7-4668-BE54-9A1E7A4F7556}") = "Sandbox", "sandbox\Sandbox\Sandbox.csproj", "{9D35C49C-D844-4C3B-B66E-4B46BEF39235}"
EndProject
Global
	GlobalSection(SolutionConfigurationPlatforms) = preSolution
		Debug|Any CPU = Debug|Any CPU
		Release|Any CPU = Release|Any CPU
	EndGlobalSection
	GlobalSection(ProjectConfigurationPlatforms) = postSolution
		{98DFB7EB-EE5D-43B0-BBD1-8B49BAB3A60A}.Debug|Any CPU.ActiveCfg = Debug|Any CPU
		{98DFB7EB-EE5D-43B0-BBD1-8B49BAB3A60A}.Debug|Any CPU.Build.0 = Debug|Any CPU
		{98DFB7EB-EE5D-43B0-BBD1-8B49BAB3A60A}.Release|Any CPU.ActiveCfg = Release|Any CPU
		{98DFB7EB-EE5D-43B0-BBD1-8B49BAB3A60A}.Release|Any CPU.Build.0 = Release|Any CPU
		{FCF3332E-AB61-48EC-842A-53F7BDF67A15}.Debug|Any CPU.ActiveCfg = Debug|Any CPU
		{FCF3332E-AB61-48EC-842A-53F7BDF67A15}.Debug|Any CPU.Build.0 = Debug|Any CPU
		{FCF3332E-AB61-48EC-842A-53F7BDF67A15}.Release|Any CPU.ActiveCfg = Release|Any CPU
		{FCF3332E-AB61-48EC-842A-53F7BDF67A15}.Release|Any CPU.Build.0 = Release|Any CPU
		{DE801BAC-BEA7-4A69-AF4A-46E12B681D4F}.Debug|Any CPU.ActiveCfg = Debug|Any CPU
		{DE801BAC-BEA7-4A69-AF4A-46E12B681D4F}.Debug|Any CPU.Build.0 = Debug|Any CPU
		{DE801BAC-BEA7-4A69-AF4A-46E12B681D4F}.Release|Any CPU.ActiveCfg = Release|Any CPU
		{DE801BAC-BEA7-4A69-AF4A-46E12B681D4F}.Release|Any CPU.Build.0 = Release|Any CPU
		{854B4133-84D1-4C9A-8A37-238A12D637A8}.Debug|Any CPU.ActiveCfg = Debug|Any CPU
		{854B4133-84D1-4C9A-8A37-238A12D637A8}.Debug|Any CPU.Build.0 = Debug|Any CPU
		{854B4133-84D1-4C9A-8A37-238A12D637A8}.Release|Any CPU.ActiveCfg = Release|Any CPU
		{854B4133-84D1-4C9A-8A37-238A12D637A8}.Release|Any CPU.Build.0 = Release|Any CPU
		{00CD6A96-C2AB-4A72-A46E-56AAC06BB90D}.Debug|Any CPU.ActiveCfg = Debug|Any CPU
		{00CD6A96-C2AB-4A72-A46E-56AAC06BB90D}.Debug|Any CPU.Build.0 = Debug|Any CPU
		{00CD6A96-C2AB-4A72-A46E-56AAC06BB90D}.Release|Any CPU.ActiveCfg = Release|Any CPU
		{00CD6A96-C2AB-4A72-A46E-56AAC06BB90D}.Release|Any CPU.Build.0 = Release|Any CPU
		{907F6D2D-A0E9-4688-A0B6-915633A0D98D}.Debug|Any CPU.ActiveCfg = Debug|Any CPU
		{907F6D2D-A0E9-4688-A0B6-915633A0D98D}.Debug|Any CPU.Build.0 = Debug|Any CPU
		{907F6D2D-A0E9-4688-A0B6-915633A0D98D}.Release|Any CPU.ActiveCfg = Release|Any CPU
		{907F6D2D-A0E9-4688-A0B6-915633A0D98D}.Release|Any CPU.Build.0 = Release|Any CPU
		{9F317EB4-27F9-4FF0-93A9-FA7D611DE264}.Debug|Any CPU.ActiveCfg = Debug|Any CPU
		{9F317EB4-27F9-4FF0-93A9-FA7D611DE264}.Debug|Any CPU.Build.0 = Debug|Any CPU
		{9F317EB4-27F9-4FF0-93A9-FA7D611DE264}.Release|Any CPU.ActiveCfg = Release|Any CPU
		{9F317EB4-27F9-4FF0-93A9-FA7D611DE264}.Release|Any CPU.Build.0 = Release|Any CPU
		{D8072447-670E-484A-B3B5-CC2183E67315}.Debug|Any CPU.ActiveCfg = Debug|Any CPU
		{D8072447-670E-484A-B3B5-CC2183E67315}.Debug|Any CPU.Build.0 = Debug|Any CPU
		{D8072447-670E-484A-B3B5-CC2183E67315}.Release|Any CPU.ActiveCfg = Release|Any CPU
		{D8072447-670E-484A-B3B5-CC2183E67315}.Release|Any CPU.Build.0 = Release|Any CPU
		{8D6C003E-6C2F-4998-A4AA-11F67223AC0B}.Debug|Any CPU.ActiveCfg = Debug|Any CPU
		{8D6C003E-6C2F-4998-A4AA-11F67223AC0B}.Debug|Any CPU.Build.0 = Debug|Any CPU
		{8D6C003E-6C2F-4998-A4AA-11F67223AC0B}.Release|Any CPU.ActiveCfg = Release|Any CPU
		{8D6C003E-6C2F-4998-A4AA-11F67223AC0B}.Release|Any CPU.Build.0 = Release|Any CPU
		{9945B538-BA21-42E6-90CE-F35FD8335E76}.Debug|Any CPU.ActiveCfg = Debug|Any CPU
		{9945B538-BA21-42E6-90CE-F35FD8335E76}.Debug|Any CPU.Build.0 = Debug|Any CPU
		{9945B538-BA21-42E6-90CE-F35FD8335E76}.Release|Any CPU.ActiveCfg = Release|Any CPU
		{9945B538-BA21-42E6-90CE-F35FD8335E76}.Release|Any CPU.Build.0 = Release|Any CPU
		{83A6F5EB-343D-4E3A-8D59-72BEF7074236}.Debug|Any CPU.ActiveCfg = Debug|Any CPU
		{83A6F5EB-343D-4E3A-8D59-72BEF7074236}.Debug|Any CPU.Build.0 = Debug|Any CPU
		{83A6F5EB-343D-4E3A-8D59-72BEF7074236}.Release|Any CPU.ActiveCfg = Release|Any CPU
		{83A6F5EB-343D-4E3A-8D59-72BEF7074236}.Release|Any CPU.Build.0 = Release|Any CPU
		{136D8458-61A0-4F00-8838-451E2AD81418}.Debug|Any CPU.ActiveCfg = Debug|Any CPU
		{136D8458-61A0-4F00-8838-451E2AD81418}.Debug|Any CPU.Build.0 = Debug|Any CPU
		{136D8458-61A0-4F00-8838-451E2AD81418}.Release|Any CPU.ActiveCfg = Release|Any CPU
		{136D8458-61A0-4F00-8838-451E2AD81418}.Release|Any CPU.Build.0 = Release|Any CPU
		{0E18F2A5-23DB-45B9-A216-536A7702E68C}.Debug|Any CPU.ActiveCfg = Debug|Any CPU
		{0E18F2A5-23DB-45B9-A216-536A7702E68C}.Debug|Any CPU.Build.0 = Debug|Any CPU
		{0E18F2A5-23DB-45B9-A216-536A7702E68C}.Release|Any CPU.ActiveCfg = Release|Any CPU
		{0E18F2A5-23DB-45B9-A216-536A7702E68C}.Release|Any CPU.Build.0 = Release|Any CPU
		{D6857AB4-8CC4-41FF-9A1F-2D58DA683EE6}.Debug|Any CPU.ActiveCfg = Debug|Any CPU
		{D6857AB4-8CC4-41FF-9A1F-2D58DA683EE6}.Debug|Any CPU.Build.0 = Debug|Any CPU
		{D6857AB4-8CC4-41FF-9A1F-2D58DA683EE6}.Release|Any CPU.ActiveCfg = Release|Any CPU
		{D6857AB4-8CC4-41FF-9A1F-2D58DA683EE6}.Release|Any CPU.Build.0 = Release|Any CPU
		{A14426E8-8A9A-40D7-B3AF-467E5ACC49EA}.Debug|Any CPU.ActiveCfg = Debug|Any CPU
		{A14426E8-8A9A-40D7-B3AF-467E5ACC49EA}.Debug|Any CPU.Build.0 = Debug|Any CPU
		{A14426E8-8A9A-40D7-B3AF-467E5ACC49EA}.Release|Any CPU.ActiveCfg = Release|Any CPU
		{A14426E8-8A9A-40D7-B3AF-467E5ACC49EA}.Release|Any CPU.Build.0 = Release|Any CPU
		{BB1CC92C-E92A-498C-AB2B-0A131C6685EA}.Debug|Any CPU.ActiveCfg = Debug|Any CPU
		{BB1CC92C-E92A-498C-AB2B-0A131C6685EA}.Debug|Any CPU.Build.0 = Debug|Any CPU
		{BB1CC92C-E92A-498C-AB2B-0A131C6685EA}.Release|Any CPU.ActiveCfg = Release|Any CPU
		{BB1CC92C-E92A-498C-AB2B-0A131C6685EA}.Release|Any CPU.Build.0 = Release|Any CPU
		{225261D0-9BB0-4359-901E-CC80E07F842D}.Debug|Any CPU.ActiveCfg = Debug|Any CPU
		{225261D0-9BB0-4359-901E-CC80E07F842D}.Debug|Any CPU.Build.0 = Debug|Any CPU
		{225261D0-9BB0-4359-901E-CC80E07F842D}.Release|Any CPU.ActiveCfg = Release|Any CPU
		{225261D0-9BB0-4359-901E-CC80E07F842D}.Release|Any CPU.Build.0 = Release|Any CPU
		{60B1F5E9-96A6-4551-A6E2-62F36E956DDE}.Debug|Any CPU.ActiveCfg = Debug|Any CPU
		{60B1F5E9-96A6-4551-A6E2-62F36E956DDE}.Debug|Any CPU.Build.0 = Debug|Any CPU
		{60B1F5E9-96A6-4551-A6E2-62F36E956DDE}.Release|Any CPU.ActiveCfg = Release|Any CPU
		{60B1F5E9-96A6-4551-A6E2-62F36E956DDE}.Release|Any CPU.Build.0 = Release|Any CPU
		{9D35C49C-D844-4C3B-B66E-4B46BEF39235}.Debug|Any CPU.ActiveCfg = Debug|Any CPU
		{9D35C49C-D844-4C3B-B66E-4B46BEF39235}.Debug|Any CPU.Build.0 = Debug|Any CPU
		{9D35C49C-D844-4C3B-B66E-4B46BEF39235}.Release|Any CPU.ActiveCfg = Release|Any CPU
		{9D35C49C-D844-4C3B-B66E-4B46BEF39235}.Release|Any CPU.Build.0 = Release|Any CPU
	EndGlobalSection
	GlobalSection(SolutionProperties) = preSolution
		HideSolutionNode = FALSE
	EndGlobalSection
	GlobalSection(NestedProjects) = preSolution
		{98DFB7EB-EE5D-43B0-BBD1-8B49BAB3A60A} = {A5DB5ED5-4948-47DE-B052-FA7A9F38822F}
		{FCF3332E-AB61-48EC-842A-53F7BDF67A15} = {A5DB5ED5-4948-47DE-B052-FA7A9F38822F}
		{DE801BAC-BEA7-4A69-AF4A-46E12B681D4F} = {A5DB5ED5-4948-47DE-B052-FA7A9F38822F}
		{854B4133-84D1-4C9A-8A37-238A12D637A8} = {A5DB5ED5-4948-47DE-B052-FA7A9F38822F}
		{00CD6A96-C2AB-4A72-A46E-56AAC06BB90D} = {A5DB5ED5-4948-47DE-B052-FA7A9F38822F}
		{907F6D2D-A0E9-4688-A0B6-915633A0D98D} = {96806EC7-5190-464C-9CDC-9399CD02842A}
		{9F317EB4-27F9-4FF0-93A9-FA7D611DE264} = {96806EC7-5190-464C-9CDC-9399CD02842A}
		{D8072447-670E-484A-B3B5-CC2183E67315} = {96806EC7-5190-464C-9CDC-9399CD02842A}
		{8D6C003E-6C2F-4998-A4AA-11F67223AC0B} = {96806EC7-5190-464C-9CDC-9399CD02842A}
		{9945B538-BA21-42E6-90CE-F35FD8335E76} = {96806EC7-5190-464C-9CDC-9399CD02842A}
		{83A6F5EB-343D-4E3A-8D59-72BEF7074236} = {9C4624F7-2340-4227-89A3-EECA13211471}
		{136D8458-61A0-4F00-8838-451E2AD81418} = {9C4624F7-2340-4227-89A3-EECA13211471}
		{0E18F2A5-23DB-45B9-A216-536A7702E68C} = {9C4624F7-2340-4227-89A3-EECA13211471}
		{D6857AB4-8CC4-41FF-9A1F-2D58DA683EE6} = {9C4624F7-2340-4227-89A3-EECA13211471}
		{A14426E8-8A9A-40D7-B3AF-467E5ACC49EA} = {65A90F6F-E9C4-4EDB-9F7F-D82DFFA63776}
		{BB1CC92C-E92A-498C-AB2B-0A131C6685EA} = {65A90F6F-E9C4-4EDB-9F7F-D82DFFA63776}
		{225261D0-9BB0-4359-901E-CC80E07F842D} = {65A90F6F-E9C4-4EDB-9F7F-D82DFFA63776}
		{60B1F5E9-96A6-4551-A6E2-62F36E956DDE} = {65A90F6F-E9C4-4EDB-9F7F-D82DFFA63776}
		{9D35C49C-D844-4C3B-B66E-4B46BEF39235} = {455EA3ED-AA3F-43FD-9AA4-156BE6873D4B}
	EndGlobalSection
	GlobalSection(ExtensibilityGlobals) = postSolution
		SolutionGuid = {817623BD-5E84-4D21-A996-2D163D64F209}
	EndGlobalSection
EndGlobal
